// !$*UTF8*$!
{
	archiveVersion = 1;
	classes = {
	};
	objectVersion = 50;
	objects = {

/* Begin PBXBuildFile section */
		5AB7F07326D2A076003FFA22 /* Sport.swift in Sources */ = {isa = PBXBuildFile; fileRef = 5AB7F07226D2A076003FFA22 /* Sport.swift */; };
		5AB7F07526D2A0CC003FFA22 /* Brand.swift in Sources */ = {isa = PBXBuildFile; fileRef = 5AB7F07426D2A0CC003FFA22 /* Brand.swift */; };
		5AB7F07726D2A0F1003FFA22 /* Product.swift in Sources */ = {isa = PBXBuildFile; fileRef = 5AB7F07626D2A0F1003FFA22 /* Product.swift */; };
		5AB7F07A26D2A1D0003FFA22 /* sports.json in Resources */ = {isa = PBXBuildFile; fileRef = 5AB7F07926D2A1D0003FFA22 /* sports.json */; };
		5AB7F07C26D2A3DB003FFA22 /* brands.json in Resources */ = {isa = PBXBuildFile; fileRef = 5AB7F07B26D2A3DB003FFA22 /* brands.json */; };
		5AB7F07E26D2A7D3003FFA22 /* products.json in Resources */ = {isa = PBXBuildFile; fileRef = 5AB7F07D26D2A7D3003FFA22 /* products.json */; };
		5AB7F08026D2A9F1003FFA22 /* ProductImage.swift in Sources */ = {isa = PBXBuildFile; fileRef = 5AB7F07F26D2A9F1003FFA22 /* ProductImage.swift */; };
		5AB7F08326D2B151003FFA22 /* Bundle+2Kicks.swift in Sources */ = {isa = PBXBuildFile; fileRef = 5AB7F08226D2B151003FFA22 /* Bundle+2Kicks.swift */; };
		5AB7F08626D2B2A7003FFA22 /* CustomsListView.swift in Sources */ = {isa = PBXBuildFile; fileRef = 5AB7F08526D2B2A7003FFA22 /* CustomsListView.swift */; };
		D5B229B526CD684700C7B55A /* _KicksApp.swift in Sources */ = {isa = PBXBuildFile; fileRef = D5B229B426CD684700C7B55A /* _KicksApp.swift */; };
		D5B229B726CD684800C7B55A /* ContentView.swift in Sources */ = {isa = PBXBuildFile; fileRef = D5B229B626CD684800C7B55A /* ContentView.swift */; };
		D5B229B926CD684D00C7B55A /* Assets.xcassets in Resources */ = {isa = PBXBuildFile; fileRef = D5B229B826CD684D00C7B55A /* Assets.xcassets */; };
		D5B229BC26CD684D00C7B55A /* Preview Assets.xcassets in Resources */ = {isa = PBXBuildFile; fileRef = D5B229BB26CD684D00C7B55A /* Preview Assets.xcassets */; };
/* End PBXBuildFile section */

/* Begin PBXFileReference section */
		5AB7F07226D2A076003FFA22 /* Sport.swift */ = {isa = PBXFileReference; lastKnownFileType = sourcecode.swift; path = Sport.swift; sourceTree = "<group>"; };
		5AB7F07426D2A0CC003FFA22 /* Brand.swift */ = {isa = PBXFileReference; lastKnownFileType = sourcecode.swift; path = Brand.swift; sourceTree = "<group>"; };
		5AB7F07626D2A0F1003FFA22 /* Product.swift */ = {isa = PBXFileReference; lastKnownFileType = sourcecode.swift; path = Product.swift; sourceTree = "<group>"; };
		5AB7F07926D2A1D0003FFA22 /* sports.json */ = {isa = PBXFileReference; lastKnownFileType = text.json; path = sports.json; sourceTree = "<group>"; };
		5AB7F07B26D2A3DB003FFA22 /* brands.json */ = {isa = PBXFileReference; lastKnownFileType = text.json; path = brands.json; sourceTree = "<group>"; };
		5AB7F07D26D2A7D3003FFA22 /* products.json */ = {isa = PBXFileReference; lastKnownFileType = text.json; path = products.json; sourceTree = "<group>"; };
		5AB7F07F26D2A9F1003FFA22 /* ProductImage.swift */ = {isa = PBXFileReference; lastKnownFileType = sourcecode.swift; path = ProductImage.swift; sourceTree = "<group>"; };
		5AB7F08226D2B151003FFA22 /* Bundle+2Kicks.swift */ = {isa = PBXFileReference; lastKnownFileType = sourcecode.swift; path = "Bundle+2Kicks.swift"; sourceTree = "<group>"; };
		5AB7F08526D2B2A7003FFA22 /* CustomsListView.swift */ = {isa = PBXFileReference; lastKnownFileType = sourcecode.swift; path = CustomsListView.swift; sourceTree = "<group>"; };
		D5B229B126CD684700C7B55A /* 2Kicks.app */ = {isa = PBXFileReference; explicitFileType = wrapper.application; includeInIndex = 0; path = 2Kicks.app; sourceTree = BUILT_PRODUCTS_DIR; };
		D5B229B426CD684700C7B55A /* _KicksApp.swift */ = {isa = PBXFileReference; lastKnownFileType = sourcecode.swift; path = _KicksApp.swift; sourceTree = "<group>"; };
		D5B229B626CD684800C7B55A /* ContentView.swift */ = {isa = PBXFileReference; lastKnownFileType = sourcecode.swift; path = ContentView.swift; sourceTree = "<group>"; };
		D5B229B826CD684D00C7B55A /* Assets.xcassets */ = {isa = PBXFileReference; lastKnownFileType = folder.assetcatalog; path = Assets.xcassets; sourceTree = "<group>"; };
		D5B229BB26CD684D00C7B55A /* Preview Assets.xcassets */ = {isa = PBXFileReference; lastKnownFileType = folder.assetcatalog; path = "Preview Assets.xcassets"; sourceTree = "<group>"; };
		D5B229BD26CD684D00C7B55A /* Info.plist */ = {isa = PBXFileReference; lastKnownFileType = text.plist.xml; path = Info.plist; sourceTree = "<group>"; };
/* End PBXFileReference section */

/* Begin PBXFrameworksBuildPhase section */
		D5B229AE26CD684700C7B55A /* Frameworks */ = {
			isa = PBXFrameworksBuildPhase;
			buildActionMask = 2147483647;
			files = (
			);
			runOnlyForDeploymentPostprocessing = 0;
		};
/* End PBXFrameworksBuildPhase section */

/* Begin PBXGroup section */
		5AB7F07126D2A068003FFA22 /* Model */ = {
			isa = PBXGroup;
			children = (
				5AB7F07226D2A076003FFA22 /* Sport.swift */,
				5AB7F07426D2A0CC003FFA22 /* Brand.swift */,
				5AB7F07626D2A0F1003FFA22 /* Product.swift */,
				5AB7F07F26D2A9F1003FFA22 /* ProductImage.swift */,
			);
			path = Model;
			sourceTree = "<group>";
		};
		5AB7F07826D2A1B1003FFA22 /* Mock */ = {
			isa = PBXGroup;
			children = (
				5AB7F07926D2A1D0003FFA22 /* sports.json */,
				5AB7F07B26D2A3DB003FFA22 /* brands.json */,
				5AB7F07D26D2A7D3003FFA22 /* products.json */,
			);
			path = Mock;
			sourceTree = "<group>";
		};
		5AB7F08126D2B142003FFA22 /* Extensions */ = {
			isa = PBXGroup;
			children = (
				5AB7F08226D2B151003FFA22 /* Bundle+2Kicks.swift */,
			);
			path = Extensions;
			sourceTree = "<group>";
		};
		5AB7F08426D2B286003FFA22 /* Views */ = {
			isa = PBXGroup;
			children = (
				D5B229B626CD684800C7B55A /* ContentView.swift */,
				5AB7F08526D2B2A7003FFA22 /* CustomsListView.swift */,
			);
			path = Views;
			sourceTree = "<group>";
		};
		D5B229A826CD684700C7B55A = {
			isa = PBXGroup;
			children = (
				D5B229B326CD684700C7B55A /* 2Kicks */,
				D5B229B226CD684700C7B55A /* Products */,
			);
			sourceTree = "<group>";
		};
		D5B229B226CD684700C7B55A /* Products */ = {
			isa = PBXGroup;
			children = (
				D5B229B126CD684700C7B55A /* 2Kicks.app */,
			);
			name = Products;
			sourceTree = "<group>";
		};
		D5B229B326CD684700C7B55A /* 2Kicks */ = {
			isa = PBXGroup;
			children = (
				D5B229B426CD684700C7B55A /* _KicksApp.swift */,
				D5B229B826CD684D00C7B55A /* Assets.xcassets */,
				5AB7F08426D2B286003FFA22 /* Views */,
				5AB7F08126D2B142003FFA22 /* Extensions */,
				D5B229BD26CD684D00C7B55A /* Info.plist */,
				5AB7F07826D2A1B1003FFA22 /* Mock */,
				5AB7F07126D2A068003FFA22 /* Model */,
				D5B229BA26CD684D00C7B55A /* Preview Content */,
			);
			path = 2Kicks;
			sourceTree = "<group>";
		};
		D5B229BA26CD684D00C7B55A /* Preview Content */ = {
			isa = PBXGroup;
			children = (
				D5B229BB26CD684D00C7B55A /* Preview Assets.xcassets */,
			);
			path = "Preview Content";
			sourceTree = "<group>";
		};
/* End PBXGroup section */

/* Begin PBXNativeTarget section */
		D5B229B026CD684700C7B55A /* 2Kicks */ = {
			isa = PBXNativeTarget;
			buildConfigurationList = D5B229C026CD684D00C7B55A /* Build configuration list for PBXNativeTarget "2Kicks" */;
			buildPhases = (
				D5B229AD26CD684700C7B55A /* Sources */,
				D5B229AE26CD684700C7B55A /* Frameworks */,
				D5B229AF26CD684700C7B55A /* Resources */,
			);
			buildRules = (
			);
			dependencies = (
			);
			name = 2Kicks;
			productName = 2Kicks;
			productReference = D5B229B126CD684700C7B55A /* 2Kicks.app */;
			productType = "com.apple.product-type.application";
		};
/* End PBXNativeTarget section */

/* Begin PBXProject section */
		D5B229A926CD684700C7B55A /* Project object */ = {
			isa = PBXProject;
			attributes = {
				LastSwiftUpdateCheck = 1250;
				LastUpgradeCheck = 1250;
				TargetAttributes = {
					D5B229B026CD684700C7B55A = {
						CreatedOnToolsVersion = 12.5.1;
					};
				};
			};
			buildConfigurationList = D5B229AC26CD684700C7B55A /* Build configuration list for PBXProject "2Kicks" */;
			compatibilityVersion = "Xcode 9.3";
			developmentRegion = en;
			hasScannedForEncodings = 0;
			knownRegions = (
				en,
				Base,
			);
			mainGroup = D5B229A826CD684700C7B55A;
			productRefGroup = D5B229B226CD684700C7B55A /* Products */;
			projectDirPath = "";
			projectRoot = "";
			targets = (
				D5B229B026CD684700C7B55A /* 2Kicks */,
			);
		};
/* End PBXProject section */

/* Begin PBXResourcesBuildPhase section */
		D5B229AF26CD684700C7B55A /* Resources */ = {
			isa = PBXResourcesBuildPhase;
			buildActionMask = 2147483647;
			files = (
				5AB7F07E26D2A7D3003FFA22 /* products.json in Resources */,
				D5B229BC26CD684D00C7B55A /* Preview Assets.xcassets in Resources */,
				5AB7F07C26D2A3DB003FFA22 /* brands.json in Resources */,
				D5B229B926CD684D00C7B55A /* Assets.xcassets in Resources */,
				5AB7F07A26D2A1D0003FFA22 /* sports.json in Resources */,
			);
			runOnlyForDeploymentPostprocessing = 0;
		};
/* End PBXResourcesBuildPhase section */

/* Begin PBXSourcesBuildPhase section */
		D5B229AD26CD684700C7B55A /* Sources */ = {
			isa = PBXSourcesBuildPhase;
			buildActionMask = 2147483647;
			files = (
				5AB7F08326D2B151003FFA22 /* Bundle+2Kicks.swift in Sources */,
				5AB7F07326D2A076003FFA22 /* Sport.swift in Sources */,
				5AB7F07526D2A0CC003FFA22 /* Brand.swift in Sources */,
				D5B229B726CD684800C7B55A /* ContentView.swift in Sources */,
				5AB7F07726D2A0F1003FFA22 /* Product.swift in Sources */,
				5AB7F08626D2B2A7003FFA22 /* CustomsListView.swift in Sources */,
				D5B229B526CD684700C7B55A /* _KicksApp.swift in Sources */,
				5AB7F08026D2A9F1003FFA22 /* ProductImage.swift in Sources */,
			);
			runOnlyForDeploymentPostprocessing = 0;
		};
/* End PBXSourcesBuildPhase section */

/* Begin XCBuildConfiguration section */
		D5B229BE26CD684D00C7B55A /* Debug */ = {
			isa = XCBuildConfiguration;
			buildSettings = {
				ALWAYS_SEARCH_USER_PATHS = NO;
				CLANG_ANALYZER_NONNULL = YES;
				CLANG_ANALYZER_NUMBER_OBJECT_CONVERSION = YES_AGGRESSIVE;
				CLANG_CXX_LANGUAGE_STANDARD = "gnu++14";
				CLANG_CXX_LIBRARY = "libc++";
				CLANG_ENABLE_MODULES = YES;
				CLANG_ENABLE_OBJC_ARC = YES;
				CLANG_ENABLE_OBJC_WEAK = YES;
				CLANG_WARN_BLOCK_CAPTURE_AUTORELEASING = YES;
				CLANG_WARN_BOOL_CONVERSION = YES;
				CLANG_WARN_COMMA = YES;
				CLANG_WARN_CONSTANT_CONVERSION = YES;
				CLANG_WARN_DEPRECATED_OBJC_IMPLEMENTATIONS = YES;
				CLANG_WARN_DIRECT_OBJC_ISA_USAGE = YES_ERROR;
				CLANG_WARN_DOCUMENTATION_COMMENTS = YES;
				CLANG_WARN_EMPTY_BODY = YES;
				CLANG_WARN_ENUM_CONVERSION = YES;
				CLANG_WARN_INFINITE_RECURSION = YES;
				CLANG_WARN_INT_CONVERSION = YES;
				CLANG_WARN_NON_LITERAL_NULL_CONVERSION = YES;
				CLANG_WARN_OBJC_IMPLICIT_RETAIN_SELF = YES;
				CLANG_WARN_OBJC_LITERAL_CONVERSION = YES;
				CLANG_WARN_OBJC_ROOT_CLASS = YES_ERROR;
				CLANG_WARN_QUOTED_INCLUDE_IN_FRAMEWORK_HEADER = YES;
				CLANG_WARN_RANGE_LOOP_ANALYSIS = YES;
				CLANG_WARN_STRICT_PROTOTYPES = YES;
				CLANG_WARN_SUSPICIOUS_MOVE = YES;
				CLANG_WARN_UNGUARDED_AVAILABILITY = YES_AGGRESSIVE;
				CLANG_WARN_UNREACHABLE_CODE = YES;
				CLANG_WARN__DUPLICATE_METHOD_MATCH = YES;
				COPY_PHASE_STRIP = NO;
				DEBUG_INFORMATION_FORMAT = dwarf;
				ENABLE_STRICT_OBJC_MSGSEND = YES;
				ENABLE_TESTABILITY = YES;
				GCC_C_LANGUAGE_STANDARD = gnu11;
				GCC_DYNAMIC_NO_PIC = NO;
				GCC_NO_COMMON_BLOCKS = YES;
				GCC_OPTIMIZATION_LEVEL = 0;
				GCC_PREPROCESSOR_DEFINITIONS = (
					"DEBUG=1",
					"$(inherited)",
				);
				GCC_WARN_64_TO_32_BIT_CONVERSION = YES;
				GCC_WARN_ABOUT_RETURN_TYPE = YES_ERROR;
				GCC_WARN_UNDECLARED_SELECTOR = YES;
				GCC_WARN_UNINITIALIZED_AUTOS = YES_AGGRESSIVE;
				GCC_WARN_UNUSED_FUNCTION = YES;
				GCC_WARN_UNUSED_VARIABLE = YES;
				IPHONEOS_DEPLOYMENT_TARGET = 14.5;
				MTL_ENABLE_DEBUG_INFO = INCLUDE_SOURCE;
				MTL_FAST_MATH = YES;
				ONLY_ACTIVE_ARCH = YES;
				SDKROOT = iphoneos;
				SWIFT_ACTIVE_COMPILATION_CONDITIONS = DEBUG;
				SWIFT_OPTIMIZATION_LEVEL = "-Onone";
			};
			name = Debug;
		};
		D5B229BF26CD684D00C7B55A /* Release */ = {
			isa = XCBuildConfiguration;
			buildSettings = {
				ALWAYS_SEARCH_USER_PATHS = NO;
				CLANG_ANALYZER_NONNULL = YES;
				CLANG_ANALYZER_NUMBER_OBJECT_CONVERSION = YES_AGGRESSIVE;
				CLANG_CXX_LANGUAGE_STANDARD = "gnu++14";
				CLANG_CXX_LIBRARY = "libc++";
				CLANG_ENABLE_MODULES = YES;
				CLANG_ENABLE_OBJC_ARC = YES;
				CLANG_ENABLE_OBJC_WEAK = YES;
				CLANG_WARN_BLOCK_CAPTURE_AUTORELEASING = YES;
				CLANG_WARN_BOOL_CONVERSION = YES;
				CLANG_WARN_COMMA = YES;
				CLANG_WARN_CONSTANT_CONVERSION = YES;
				CLANG_WARN_DEPRECATED_OBJC_IMPLEMENTATIONS = YES;
				CLANG_WARN_DIRECT_OBJC_ISA_USAGE = YES_ERROR;
				CLANG_WARN_DOCUMENTATION_COMMENTS = YES;
				CLANG_WARN_EMPTY_BODY = YES;
				CLANG_WARN_ENUM_CONVERSION = YES;
				CLANG_WARN_INFINITE_RECURSION = YES;
				CLANG_WARN_INT_CONVERSION = YES;
				CLANG_WARN_NON_LITERAL_NULL_CONVERSION = YES;
				CLANG_WARN_OBJC_IMPLICIT_RETAIN_SELF = YES;
				CLANG_WARN_OBJC_LITERAL_CONVERSION = YES;
				CLANG_WARN_OBJC_ROOT_CLASS = YES_ERROR;
				CLANG_WARN_QUOTED_INCLUDE_IN_FRAMEWORK_HEADER = YES;
				CLANG_WARN_RANGE_LOOP_ANALYSIS = YES;
				CLANG_WARN_STRICT_PROTOTYPES = YES;
				CLANG_WARN_SUSPICIOUS_MOVE = YES;
				CLANG_WARN_UNGUARDED_AVAILABILITY = YES_AGGRESSIVE;
				CLANG_WARN_UNREACHABLE_CODE = YES;
				CLANG_WARN__DUPLICATE_METHOD_MATCH = YES;
				COPY_PHASE_STRIP = NO;
				DEBUG_INFORMATION_FORMAT = "dwarf-with-dsym";
				ENABLE_NS_ASSERTIONS = NO;
				ENABLE_STRICT_OBJC_MSGSEND = YES;
				GCC_C_LANGUAGE_STANDARD = gnu11;
				GCC_NO_COMMON_BLOCKS = YES;
				GCC_WARN_64_TO_32_BIT_CONVERSION = YES;
				GCC_WARN_ABOUT_RETURN_TYPE = YES_ERROR;
				GCC_WARN_UNDECLARED_SELECTOR = YES;
				GCC_WARN_UNINITIALIZED_AUTOS = YES_AGGRESSIVE;
				GCC_WARN_UNUSED_FUNCTION = YES;
				GCC_WARN_UNUSED_VARIABLE = YES;
				IPHONEOS_DEPLOYMENT_TARGET = 14.5;
				MTL_ENABLE_DEBUG_INFO = NO;
				MTL_FAST_MATH = YES;
				SDKROOT = iphoneos;
				SWIFT_COMPILATION_MODE = wholemodule;
				SWIFT_OPTIMIZATION_LEVEL = "-O";
				VALIDATE_PRODUCT = YES;
			};
			name = Release;
		};
		D5B229C126CD684D00C7B55A /* Debug */ = {
			isa = XCBuildConfiguration;
			buildSettings = {
				ASSETCATALOG_COMPILER_APPICON_NAME = AppIcon;
				ASSETCATALOG_COMPILER_GLOBAL_ACCENT_COLOR_NAME = AccentColor;
				CODE_SIGN_STYLE = Automatic;
				DEVELOPMENT_ASSET_PATHS = "\"2Kicks/Preview Content\"";
				DEVELOPMENT_TEAM = TKS7HB5YHM;
				ENABLE_PREVIEWS = YES;
				INFOPLIST_FILE = 2Kicks/Info.plist;
				IPHONEOS_DEPLOYMENT_TARGET = 14.0;
				LD_RUNPATH_SEARCH_PATHS = (
					"$(inherited)",
					"@executable_path/Frameworks",
				);
				PRODUCT_BUNDLE_IDENTIFIER = "com.tavon.-Kicks";
				PRODUCT_NAME = "$(TARGET_NAME)";
				SWIFT_VERSION = 5.0;
				TARGETED_DEVICE_FAMILY = "1,2";
			};
			name = Debug;
		};
		D5B229C226CD684D00C7B55A /* Release */ = {
			isa = XCBuildConfiguration;
			buildSettings = {
				ASSETCATALOG_COMPILER_APPICON_NAME = AppIcon;
				ASSETCATALOG_COMPILER_GLOBAL_ACCENT_COLOR_NAME = AccentColor;
				CODE_SIGN_STYLE = Automatic;
				DEVELOPMENT_ASSET_PATHS = "\"2Kicks/Preview Content\"";
				DEVELOPMENT_TEAM = TKS7HB5YHM;
				ENABLE_PREVIEWS = YES;
				INFOPLIST_FILE = 2Kicks/Info.plist;
				IPHONEOS_DEPLOYMENT_TARGET = 14.0;
				LD_RUNPATH_SEARCH_PATHS = (
					"$(inherited)",
					"@executable_path/Frameworks",
				);
				PRODUCT_BUNDLE_IDENTIFIER = "com.tavon.-Kicks";
				PRODUCT_NAME = "$(TARGET_NAME)";
				SWIFT_VERSION = 5.0;
				TARGETED_DEVICE_FAMILY = "1,2";
			};
			name = Release;
		};
/* End XCBuildConfiguration section */

/* Begin XCConfigurationList section */
		D5B229AC26CD684700C7B55A /* Build configuration list for PBXProject "2Kicks" */ = {
			isa = XCConfigurationList;
			buildConfigurations = (
				D5B229BE26CD684D00C7B55A /* Debug */,
				D5B229BF26CD684D00C7B55A /* Release */,
			);
			defaultConfigurationIsVisible = 0;
			defaultConfigurationName = Release;
		};
		D5B229C026CD684D00C7B55A /* Build configuration list for PBXNativeTarget "2Kicks" */ = {
			isa = XCConfigurationList;
			buildConfigurations = (
				D5B229C126CD684D00C7B55A /* Debug */,
				D5B229C226CD684D00C7B55A /* Release */,
			);
			defaultConfigurationIsVisible = 0;
			defaultConfigurationName = Release;
		};
/* End XCConfigurationList section */
	};
	rootObject = D5B229A926CD684700C7B55A /* Project object */;
}
